
Microsoft Visual Studio Solution File, Format Version 12.00
# Visual Studio Version 17
VisualStudioVersion = 17.8.34316.72
MinimumVisualStudioVersion = 10.0.40219.1
Project("{2150E333-8FDC-42A3-9474-1A3956D46DE8}") = "Application", "Application", "{94300EC6-3B3B-4B9A-8870-9170B8B19C80}"
EndProject
Project("{2150E333-8FDC-42A3-9474-1A3956D46DE8}") = "Domain", "Domain", "{DC972AB6-BD03-435D-97D9-C22A4C69E4D1}"
EndProject
Project("{2150E333-8FDC-42A3-9474-1A3956D46DE8}") = "Infraestructure", "Infraestructure", "{7DCBA63E-BFB7-4FCC-A4FE-5F947354348A}"
EndProject
Project("{2150E333-8FDC-42A3-9474-1A3956D46DE8}") = "Services", "Services", "{6B412356-2508-4F5A-9A18-F7B7F97FEC31}"
EndProject
Project("{2150E333-8FDC-42A3-9474-1A3956D46DE8}") = "Utilities", "Utilities", "{20FE83B7-2619-4B24-950C-2216E6505270}"
EndProject
Project("{FAE04EC0-301F-11D3-BF4B-00C04F79EFBC}") = "ESHOPPING.Application.Dtos", "src\ESHOPPING.Application.Dtos\ESHOPPING.Application.Dtos.csproj", "{FF130630-739C-4DA5-B564-B26286058489}"
EndProject
Project("{FAE04EC0-301F-11D3-BF4B-00C04F79EFBC}") = "ESHOPPING.Application.Interface", "src\ESHOPPING.Application.Interface\ESHOPPING.Application.Interface.csproj", "{D3E511E9-3B8F-4A73-AC57-BFD9C1B3138B}"
EndProject
Project("{FAE04EC0-301F-11D3-BF4B-00C04F79EFBC}") = "ESHOPPING.Application.UseCase", "src\ESHOPPING.Application.UseCase\ESHOPPING.Application.UseCase.csproj", "{344D309A-4D98-4ACE-B84F-1CCD4759FCAC}"
EndProject
Project("{FAE04EC0-301F-11D3-BF4B-00C04F79EFBC}") = "ESHOPPING.Domain", "src\ESHOPPING.Domain\ESHOPPING.Domain.csproj", "{8079B627-7E67-4AD6-A445-E3948221B0D0}"
EndProject
Project("{FAE04EC0-301F-11D3-BF4B-00C04F79EFBC}") = "ESHOPPING.Infraestructure", "src\ESHOPPING.Infraestructure\ESHOPPING.Infraestructure.csproj", "{0955A11E-F64F-4D81-B639-7B50C6E27176}"
EndProject
Project("{FAE04EC0-301F-11D3-BF4B-00C04F79EFBC}") = "ESHOPPING.Persistences", "src\ESHOPPING.Persistences\ESHOPPING.Persistences.csproj", "{A2FDA887-AE4F-4A66-9A53-0F60FB757771}"
EndProject
Project("{FAE04EC0-301F-11D3-BF4B-00C04F79EFBC}") = "ESHOPPING.Api", "src\ESHOPPING.Api\ESHOPPING.Api.csproj", "{8CD11677-F937-4563-9BB6-C95BA3D21BA7}"
EndProject
Project("{FAE04EC0-301F-11D3-BF4B-00C04F79EFBC}") = "ESHOPPING.Utilities", "src\ESHOPPING.Utilities\ESHOPPING.Utilities.csproj", "{93C2598A-9136-4B51-AF18-182FF9EB28F8}"
EndProject
Global
	GlobalSection(SolutionConfigurationPlatforms) = preSolution
		Debug|Any CPU = Debug|Any CPU
		Release|Any CPU = Release|Any CPU
	EndGlobalSection
	GlobalSection(ProjectConfigurationPlatforms) = postSolution
		{FF130630-739C-4DA5-B564-B26286058489}.Debug|Any CPU.ActiveCfg = Debug|Any CPU
		{FF130630-739C-4DA5-B564-B26286058489}.Debug|Any CPU.Build.0 = Debug|Any CPU
		{FF130630-739C-4DA5-B564-B26286058489}.Release|Any CPU.ActiveCfg = Release|Any CPU
		{FF130630-739C-4DA5-B564-B26286058489}.Release|Any CPU.Build.0 = Release|Any CPU
		{D3E511E9-3B8F-4A73-AC57-BFD9C1B3138B}.Debug|Any CPU.ActiveCfg = Debug|Any CPU
		{D3E511E9-3B8F-4A73-AC57-BFD9C1B3138B}.Debug|Any CPU.Build.0 = Debug|Any CPU
		{D3E511E9-3B8F-4A73-AC57-BFD9C1B3138B}.Release|Any CPU.ActiveCfg = Release|Any CPU
		{D3E511E9-3B8F-4A73-AC57-BFD9C1B3138B}.Release|Any CPU.Build.0 = Release|Any CPU
		{344D309A-4D98-4ACE-B84F-1CCD4759FCAC}.Debug|Any CPU.ActiveCfg = Debug|Any CPU
		{344D309A-4D98-4ACE-B84F-1CCD4759FCAC}.Debug|Any CPU.Build.0 = Debug|Any CPU
		{344D309A-4D98-4ACE-B84F-1CCD4759FCAC}.Release|Any CPU.ActiveCfg = Release|Any CPU
		{344D309A-4D98-4ACE-B84F-1CCD4759FCAC}.Release|Any CPU.Build.0 = Release|Any CPU
		{8079B627-7E67-4AD6-A445-E3948221B0D0}.Debug|Any CPU.ActiveCfg = Debug|Any CPU
		{8079B627-7E67-4AD6-A445-E3948221B0D0}.Debug|Any CPU.Build.0 = Debug|Any CPU
		{8079B627-7E67-4AD6-A445-E3948221B0D0}.Release|Any CPU.ActiveCfg = Release|Any CPU
		{8079B627-7E67-4AD6-A445-E3948221B0D0}.Release|Any CPU.Build.0 = Release|Any CPU
		{0955A11E-F64F-4D81-B639-7B50C6E27176}.Debug|Any CPU.ActiveCfg = Debug|Any CPU
		{0955A11E-F64F-4D81-B639-7B50C6E27176}.Debug|Any CPU.Build.0 = Debug|Any CPU
		{0955A11E-F64F-4D81-B639-7B50C6E27176}.Release|Any CPU.ActiveCfg = Release|Any CPU
		{0955A11E-F64F-4D81-B639-7B50C6E27176}.Release|Any CPU.Build.0 = Release|Any CPU
		{A2FDA887-AE4F-4A66-9A53-0F60FB757771}.Debug|Any CPU.ActiveCfg = Debug|Any CPU
		{A2FDA887-AE4F-4A66-9A53-0F60FB757771}.Debug|Any CPU.Build.0 = Debug|Any CPU
		{A2FDA887-AE4F-4A66-9A53-0F60FB757771}.Release|Any CPU.ActiveCfg = Release|Any CPU
		{A2FDA887-AE4F-4A66-9A53-0F60FB757771}.Release|Any CPU.Build.0 = Release|Any CPU
		{8CD11677-F937-4563-9BB6-C95BA3D21BA7}.Debug|Any CPU.ActiveCfg = Debug|Any CPU
		{8CD11677-F937-4563-9BB6-C95BA3D21BA7}.Debug|Any CPU.Build.0 = Debug|Any CPU
		{8CD11677-F937-4563-9BB6-C95BA3D21BA7}.Release|Any CPU.ActiveCfg = Release|Any CPU
		{8CD11677-F937-4563-9BB6-C95BA3D21BA7}.Release|Any CPU.Build.0 = Release|Any CPU
		{93C2598A-9136-4B51-AF18-182FF9EB28F8}.Debug|Any CPU.ActiveCfg = Debug|Any CPU
		{93C2598A-9136-4B51-AF18-182FF9EB28F8}.Debug|Any CPU.Build.0 = Debug|Any CPU
		{93C2598A-9136-4B51-AF18-182FF9EB28F8}.Release|Any CPU.ActiveCfg = Release|Any CPU
		{93C2598A-9136-4B51-AF18-182FF9EB28F8}.Release|Any CPU.Build.0 = Release|Any CPU
	EndGlobalSection
	GlobalSection(SolutionProperties) = preSolution
		HideSolutionNode = FALSE
	EndGlobalSection
	GlobalSection(NestedProjects) = preSolution
		{FF130630-739C-4DA5-B564-B26286058489} = {94300EC6-3B3B-4B9A-8870-9170B8B19C80}
		{D3E511E9-3B8F-4A73-AC57-BFD9C1B3138B} = {94300EC6-3B3B-4B9A-8870-9170B8B19C80}
		{344D309A-4D98-4ACE-B84F-1CCD4759FCAC} = {94300EC6-3B3B-4B9A-8870-9170B8B19C80}
		{8079B627-7E67-4AD6-A445-E3948221B0D0} = {DC972AB6-BD03-435D-97D9-C22A4C69E4D1}
		{0955A11E-F64F-4D81-B639-7B50C6E27176} = {7DCBA63E-BFB7-4FCC-A4FE-5F947354348A}
		{A2FDA887-AE4F-4A66-9A53-0F60FB757771} = {7DCBA63E-BFB7-4FCC-A4FE-5F947354348A}
		{8CD11677-F937-4563-9BB6-C95BA3D21BA7} = {6B412356-2508-4F5A-9A18-F7B7F97FEC31}
		{93C2598A-9136-4B51-AF18-182FF9EB28F8} = {20FE83B7-2619-4B24-950C-2216E6505270}
	EndGlobalSection
	GlobalSection(ExtensibilityGlobals) = postSolution
		SolutionGuid = {2F120B19-BD41-49FB-B979-458DE34CFC34}
	EndGlobalSection
EndGlobal
